// !$*UTF8*$!
{
	archiveVersion = 1;
	classes = {
	};
	objectVersion = 56;
	objects = {

/* Begin PBXBuildFile section */
		2604D93F2AA8765C00EFAC82 /* AppDelegate.swift in Sources */ = {isa = PBXBuildFile; fileRef = 2604D93E2AA8765C00EFAC82 /* AppDelegate.swift */; };
		2604D9412AA8765C00EFAC82 /* SceneDelegate.swift in Sources */ = {isa = PBXBuildFile; fileRef = 2604D9402AA8765C00EFAC82 /* SceneDelegate.swift */; };
		2604D9432AA8765C00EFAC82 /* ViewController.swift in Sources */ = {isa = PBXBuildFile; fileRef = 2604D9422AA8765C00EFAC82 /* ViewController.swift */; };
		2604D9482AA8765D00EFAC82 /* Assets.xcassets in Resources */ = {isa = PBXBuildFile; fileRef = 2604D9472AA8765D00EFAC82 /* Assets.xcassets */; };
		2604D94B2AA8765D00EFAC82 /* LaunchScreen.storyboard in Resources */ = {isa = PBXBuildFile; fileRef = 2604D9492AA8765D00EFAC82 /* LaunchScreen.storyboard */; };
		2604D9542AA87C0C00EFAC82 /* TableViewCell.swift in Sources */ = {isa = PBXBuildFile; fileRef = 2604D9532AA87C0C00EFAC82 /* TableViewCell.swift */; };
		2604D9572AA87C4D00EFAC82 /* ReuseIdentifier.swift in Sources */ = {isa = PBXBuildFile; fileRef = 2604D9562AA87C4D00EFAC82 /* ReuseIdentifier.swift */; };
		2604D95A2AA87CC400EFAC82 /* SnapKit in Frameworks */ = {isa = PBXBuildFile; productRef = 2604D9592AA87CC400EFAC82 /* SnapKit */; };
		2604D95F2AA8833500EFAC82 /* SearchViewController.swift in Sources */ = {isa = PBXBuildFile; fileRef = 2604D95E2AA8833500EFAC82 /* SearchViewController.swift */; };
		2604D9612AA8855400EFAC82 /* SearchCollectionViewCell.swift in Sources */ = {isa = PBXBuildFile; fileRef = 2604D9602AA8855400EFAC82 /* SearchCollectionViewCell.swift */; };
		2604D9642AA8863600EFAC82 /* Photo.swift in Sources */ = {isa = PBXBuildFile; fileRef = 2604D9632AA8863600EFAC82 /* Photo.swift */; };
		2604D9662AA8864D00EFAC82 /* APIService.swift in Sources */ = {isa = PBXBuildFile; fileRef = 2604D9652AA8864D00EFAC82 /* APIService.swift */; };
		2604D9682AA8866B00EFAC82 /* .gitignore in Resources */ = {isa = PBXBuildFile; fileRef = 2604D9672AA8866B00EFAC82 /* .gitignore */; };
		2604D96A2AA8868C00EFAC82 /* APIKey.swift in Sources */ = {isa = PBXBuildFile; fileRef = 2604D9692AA8868C00EFAC82 /* APIKey.swift */; };
/* End PBXBuildFile section */

/* Begin PBXFileReference section */
		2604D93B2AA8765C00EFAC82 /* realm_Mirgration_Example.app */ = {isa = PBXFileReference; explicitFileType = wrapper.application; includeInIndex = 0; path = realm_Mirgration_Example.app; sourceTree = BUILT_PRODUCTS_DIR; };
		2604D93E2AA8765C00EFAC82 /* AppDelegate.swift */ = {isa = PBXFileReference; lastKnownFileType = sourcecode.swift; path = AppDelegate.swift; sourceTree = "<group>"; };
		2604D9402AA8765C00EFAC82 /* SceneDelegate.swift */ = {isa = PBXFileReference; lastKnownFileType = sourcecode.swift; path = SceneDelegate.swift; sourceTree = "<group>"; };
		2604D9422AA8765C00EFAC82 /* ViewController.swift */ = {isa = PBXFileReference; lastKnownFileType = sourcecode.swift; path = ViewController.swift; sourceTree = "<group>"; };
		2604D9472AA8765D00EFAC82 /* Assets.xcassets */ = {isa = PBXFileReference; lastKnownFileType = folder.assetcatalog; path = Assets.xcassets; sourceTree = "<group>"; };
		2604D94A2AA8765D00EFAC82 /* Base */ = {isa = PBXFileReference; lastKnownFileType = file.storyboard; name = Base; path = Base.lproj/LaunchScreen.storyboard; sourceTree = "<group>"; };
		2604D94C2AA8765D00EFAC82 /* Info.plist */ = {isa = PBXFileReference; lastKnownFileType = text.plist.xml; path = Info.plist; sourceTree = "<group>"; };
		2604D9532AA87C0C00EFAC82 /* TableViewCell.swift */ = {isa = PBXFileReference; lastKnownFileType = sourcecode.swift; path = TableViewCell.swift; sourceTree = "<group>"; };
		2604D9562AA87C4D00EFAC82 /* ReuseIdentifier.swift */ = {isa = PBXFileReference; lastKnownFileType = sourcecode.swift; path = ReuseIdentifier.swift; sourceTree = "<group>"; };
		2604D95E2AA8833500EFAC82 /* SearchViewController.swift */ = {isa = PBXFileReference; lastKnownFileType = sourcecode.swift; path = SearchViewController.swift; sourceTree = "<group>"; };
		2604D9602AA8855400EFAC82 /* SearchCollectionViewCell.swift */ = {isa = PBXFileReference; lastKnownFileType = sourcecode.swift; path = SearchCollectionViewCell.swift; sourceTree = "<group>"; };
		2604D9632AA8863600EFAC82 /* Photo.swift */ = {isa = PBXFileReference; lastKnownFileType = sourcecode.swift; path = Photo.swift; sourceTree = "<group>"; };
		2604D9652AA8864D00EFAC82 /* APIService.swift */ = {isa = PBXFileReference; lastKnownFileType = sourcecode.swift; path = APIService.swift; sourceTree = "<group>"; };
		2604D9672AA8866B00EFAC82 /* .gitignore */ = {isa = PBXFileReference; lastKnownFileType = text; path = .gitignore; sourceTree = "<group>"; };
		2604D9692AA8868C00EFAC82 /* APIKey.swift */ = {isa = PBXFileReference; lastKnownFileType = sourcecode.swift; path = APIKey.swift; sourceTree = "<group>"; };
/* End PBXFileReference section */

/* Begin PBXFrameworksBuildPhase section */
		2604D9382AA8765C00EFAC82 /* Frameworks */ = {
			isa = PBXFrameworksBuildPhase;
			buildActionMask = 2147483647;
			files = (
				2604D95A2AA87CC400EFAC82 /* SnapKit in Frameworks */,
			);
			runOnlyForDeploymentPostprocessing = 0;
		};
/* End PBXFrameworksBuildPhase section */

/* Begin PBXGroup section */
		2604D9322AA8765C00EFAC82 = {
			isa = PBXGroup;
			children = (
				2604D93D2AA8765C00EFAC82 /* realm_Mirgration_Example */,
				2604D93C2AA8765C00EFAC82 /* Products */,
			);
			sourceTree = "<group>";
		};
		2604D93C2AA8765C00EFAC82 /* Products */ = {
			isa = PBXGroup;
			children = (
				2604D93B2AA8765C00EFAC82 /* realm_Mirgration_Example.app */,
			);
			name = Products;
			sourceTree = "<group>";
		};
		2604D93D2AA8765C00EFAC82 /* realm_Mirgration_Example */ = {
			isa = PBXGroup;
			children = (
				2604D9622AA8862800EFAC82 /* Network */,
				2604D9552AA87C3000EFAC82 /* Protocol */,
				2604D9522AA876B900EFAC82 /* Base */,
				2604D93E2AA8765C00EFAC82 /* AppDelegate.swift */,
				2604D9402AA8765C00EFAC82 /* SceneDelegate.swift */,
				2604D95E2AA8833500EFAC82 /* SearchViewController.swift */,
				2604D9422AA8765C00EFAC82 /* ViewController.swift */,
				2604D9472AA8765D00EFAC82 /* Assets.xcassets */,
				2604D9492AA8765D00EFAC82 /* LaunchScreen.storyboard */,
				2604D94C2AA8765D00EFAC82 /* Info.plist */,
				2604D9672AA8866B00EFAC82 /* .gitignore */,
				2604D9692AA8868C00EFAC82 /* APIKey.swift */,
			);
			path = realm_Mirgration_Example;
			sourceTree = "<group>";
		};
		2604D9522AA876B900EFAC82 /* Base */ = {
			isa = PBXGroup;
			children = (
				2604D9532AA87C0C00EFAC82 /* TableViewCell.swift */,
				2604D9602AA8855400EFAC82 /* SearchCollectionViewCell.swift */,
			);
			path = Base;
			sourceTree = "<group>";
		};
		2604D9552AA87C3000EFAC82 /* Protocol */ = {
			isa = PBXGroup;
			children = (
				2604D9562AA87C4D00EFAC82 /* ReuseIdentifier.swift */,
			);
			path = Protocol;
			sourceTree = "<group>";
		};
		2604D9622AA8862800EFAC82 /* Network */ = {
			isa = PBXGroup;
			children = (
				2604D9632AA8863600EFAC82 /* Photo.swift */,
				2604D9652AA8864D00EFAC82 /* APIService.swift */,
			);
			path = Network;
			sourceTree = "<group>";
		};
/* End PBXGroup section */

/* Begin PBXNativeTarget section */
		2604D93A2AA8765C00EFAC82 /* realm_Mirgration_Example */ = {
			isa = PBXNativeTarget;
			buildConfigurationList = 2604D94F2AA8765D00EFAC82 /* Build configuration list for PBXNativeTarget "realm_Mirgration_Example" */;
			buildPhases = (
				2604D9372AA8765C00EFAC82 /* Sources */,
				2604D9382AA8765C00EFAC82 /* Frameworks */,
				2604D9392AA8765C00EFAC82 /* Resources */,
			);
			buildRules = (
			);
			dependencies = (
			);
			name = realm_Mirgration_Example;
			packageProductDependencies = (
				2604D9592AA87CC400EFAC82 /* SnapKit */,
			);
			productName = realm_Mirgration_Example;
			productReference = 2604D93B2AA8765C00EFAC82 /* realm_Mirgration_Example.app */;
			productType = "com.apple.product-type.application";
		};
/* End PBXNativeTarget section */

/* Begin PBXProject section */
		2604D9332AA8765C00EFAC82 /* Project object */ = {
			isa = PBXProject;
			attributes = {
				BuildIndependentTargetsInParallel = 1;
				LastSwiftUpdateCheck = 1430;
				LastUpgradeCheck = 1430;
				TargetAttributes = {
					2604D93A2AA8765C00EFAC82 = {
						CreatedOnToolsVersion = 14.3.1;
					};
				};
			};
			buildConfigurationList = 2604D9362AA8765C00EFAC82 /* Build configuration list for PBXProject "realm_Mirgration_Example" */;
			compatibilityVersion = "Xcode 14.0";
			developmentRegion = en;
			hasScannedForEncodings = 0;
			knownRegions = (
				en,
				Base,
			);
			mainGroup = 2604D9322AA8765C00EFAC82;
			packageReferences = (
				2604D9582AA87CC400EFAC82 /* XCRemoteSwiftPackageReference "SnapKit" */,
			);
			productRefGroup = 2604D93C2AA8765C00EFAC82 /* Products */;
			projectDirPath = "";
			projectRoot = "";
			targets = (
				2604D93A2AA8765C00EFAC82 /* realm_Mirgration_Example */,
			);
		};
/* End PBXProject section */

/* Begin PBXResourcesBuildPhase section */
		2604D9392AA8765C00EFAC82 /* Resources */ = {
			isa = PBXResourcesBuildPhase;
			buildActionMask = 2147483647;
			files = (
				2604D94B2AA8765D00EFAC82 /* LaunchScreen.storyboard in Resources */,
				2604D9682AA8866B00EFAC82 /* .gitignore in Resources */,
				2604D9482AA8765D00EFAC82 /* Assets.xcassets in Resources */,
			);
			runOnlyForDeploymentPostprocessing = 0;
		};
/* End PBXResourcesBuildPhase section */

/* Begin PBXSourcesBuildPhase section */
		2604D9372AA8765C00EFAC82 /* Sources */ = {
			isa = PBXSourcesBuildPhase;
			buildActionMask = 2147483647;
			files = (
				2604D9642AA8863600EFAC82 /* Photo.swift in Sources */,
				2604D95F2AA8833500EFAC82 /* SearchViewController.swift in Sources */,
				2604D9612AA8855400EFAC82 /* SearchCollectionViewCell.swift in Sources */,
				2604D9432AA8765C00EFAC82 /* ViewController.swift in Sources */,
				2604D9542AA87C0C00EFAC82 /* TableViewCell.swift in Sources */,
				2604D93F2AA8765C00EFAC82 /* AppDelegate.swift in Sources */,
				2604D96A2AA8868C00EFAC82 /* APIKey.swift in Sources */,
				2604D9572AA87C4D00EFAC82 /* ReuseIdentifier.swift in Sources */,
				2604D9662AA8864D00EFAC82 /* APIService.swift in Sources */,
				2604D9412AA8765C00EFAC82 /* SceneDelegate.swift in Sources */,
			);
			runOnlyForDeploymentPostprocessing = 0;
		};
/* End PBXSourcesBuildPhase section */

/* Begin PBXVariantGroup section */
		2604D9492AA8765D00EFAC82 /* LaunchScreen.storyboard */ = {
			isa = PBXVariantGroup;
			children = (
				2604D94A2AA8765D00EFAC82 /* Base */,
			);
			name = LaunchScreen.storyboard;
			sourceTree = "<group>";
		};
/* End PBXVariantGroup section */

/* Begin XCBuildConfiguration section */
		2604D94D2AA8765D00EFAC82 /* Debug */ = {
			isa = XCBuildConfiguration;
			buildSettings = {
				ALWAYS_SEARCH_USER_PATHS = NO;
				CLANG_ANALYZER_NONNULL = YES;
				CLANG_ANALYZER_NUMBER_OBJECT_CONVERSION = YES_AGGRESSIVE;
				CLANG_CXX_LANGUAGE_STANDARD = "gnu++20";
				CLANG_ENABLE_MODULES = YES;
				CLANG_ENABLE_OBJC_ARC = YES;
				CLANG_ENABLE_OBJC_WEAK = YES;
				CLANG_WARN_BLOCK_CAPTURE_AUTORELEASING = YES;
				CLANG_WARN_BOOL_CONVERSION = YES;
				CLANG_WARN_COMMA = YES;
				CLANG_WARN_CONSTANT_CONVERSION = YES;
				CLANG_WARN_DEPRECATED_OBJC_IMPLEMENTATIONS = YES;
				CLANG_WARN_DIRECT_OBJC_ISA_USAGE = YES_ERROR;
				CLANG_WARN_DOCUMENTATION_COMMENTS = YES;
				CLANG_WARN_EMPTY_BODY = YES;
				CLANG_WARN_ENUM_CONVERSION = YES;
				CLANG_WARN_INFINITE_RECURSION = YES;
				CLANG_WARN_INT_CONVERSION = YES;
				CLANG_WARN_NON_LITERAL_NULL_CONVERSION = YES;
				CLANG_WARN_OBJC_IMPLICIT_RETAIN_SELF = YES;
				CLANG_WARN_OBJC_LITERAL_CONVERSION = YES;
				CLANG_WARN_OBJC_ROOT_CLASS = YES_ERROR;
				CLANG_WARN_QUOTED_INCLUDE_IN_FRAMEWORK_HEADER = YES;
				CLANG_WARN_RANGE_LOOP_ANALYSIS = YES;
				CLANG_WARN_STRICT_PROTOTYPES = YES;
				CLANG_WARN_SUSPICIOUS_MOVE = YES;
				CLANG_WARN_UNGUARDED_AVAILABILITY = YES_AGGRESSIVE;
				CLANG_WARN_UNREACHABLE_CODE = YES;
				CLANG_WARN__DUPLICATE_METHOD_MATCH = YES;
				COPY_PHASE_STRIP = NO;
				DEBUG_INFORMATION_FORMAT = dwarf;
				ENABLE_STRICT_OBJC_MSGSEND = YES;
				ENABLE_TESTABILITY = YES;
				GCC_C_LANGUAGE_STANDARD = gnu11;
				GCC_DYNAMIC_NO_PIC = NO;
				GCC_NO_COMMON_BLOCKS = YES;
				GCC_OPTIMIZATION_LEVEL = 0;
				GCC_PREPROCESSOR_DEFINITIONS = (
					"DEBUG=1",
					"$(inherited)",
				);
				GCC_WARN_64_TO_32_BIT_CONVERSION = YES;
				GCC_WARN_ABOUT_RETURN_TYPE = YES_ERROR;
				GCC_WARN_UNDECLARED_SELECTOR = YES;
				GCC_WARN_UNINITIALIZED_AUTOS = YES_AGGRESSIVE;
				GCC_WARN_UNUSED_FUNCTION = YES;
				GCC_WARN_UNUSED_VARIABLE = YES;
				IPHONEOS_DEPLOYMENT_TARGET = 16.4;
				MTL_ENABLE_DEBUG_INFO = INCLUDE_SOURCE;
				MTL_FAST_MATH = YES;
				ONLY_ACTIVE_ARCH = YES;
				SDKROOT = iphoneos;
				SWIFT_ACTIVE_COMPILATION_CONDITIONS = DEBUG;
				SWIFT_OPTIMIZATION_LEVEL = "-Onone";
			};
			name = Debug;
		};
		2604D94E2AA8765D00EFAC82 /* Release */ = {
			isa = XCBuildConfiguration;
			buildSettings = {
				ALWAYS_SEARCH_USER_PATHS = NO;
				CLANG_ANALYZER_NONNULL = YES;
				CLANG_ANALYZER_NUMBER_OBJECT_CONVERSION = YES_AGGRESSIVE;
				CLANG_CXX_LANGUAGE_STANDARD = "gnu++20";
				CLANG_ENABLE_MODULES = YES;
				CLANG_ENABLE_OBJC_ARC = YES;
				CLANG_ENABLE_OBJC_WEAK = YES;
				CLANG_WARN_BLOCK_CAPTURE_AUTORELEASING = YES;
				CLANG_WARN_BOOL_CONVERSION = YES;
				CLANG_WARN_COMMA = YES;
				CLANG_WARN_CONSTANT_CONVERSION = YES;
				CLANG_WARN_DEPRECATED_OBJC_IMPLEMENTATIONS = YES;
				CLANG_WARN_DIRECT_OBJC_ISA_USAGE = YES_ERROR;
				CLANG_WARN_DOCUMENTATION_COMMENTS = YES;
				CLANG_WARN_EMPTY_BODY = YES;
				CLANG_WARN_ENUM_CONVERSION = YES;
				CLANG_WARN_INFINITE_RECURSION = YES;
				CLANG_WARN_INT_CONVERSION = YES;
				CLANG_WARN_NON_LITERAL_NULL_CONVERSION = YES;
				CLANG_WARN_OBJC_IMPLICIT_RETAIN_SELF = YES;
				CLANG_WARN_OBJC_LITERAL_CONVERSION = YES;
				CLANG_WARN_OBJC_ROOT_CLASS = YES_ERROR;
				CLANG_WARN_QUOTED_INCLUDE_IN_FRAMEWORK_HEADER = YES;
				CLANG_WARN_RANGE_LOOP_ANALYSIS = YES;
				CLANG_WARN_STRICT_PROTOTYPES = YES;
				CLANG_WARN_SUSPICIOUS_MOVE = YES;
				CLANG_WARN_UNGUARDED_AVAILABILITY = YES_AGGRESSIVE;
				CLANG_WARN_UNREACHABLE_CODE = YES;
				CLANG_WARN__DUPLICATE_METHOD_MATCH = YES;
				COPY_PHASE_STRIP = NO;
				DEBUG_INFORMATION_FORMAT = "dwarf-with-dsym";
				ENABLE_NS_ASSERTIONS = NO;
				ENABLE_STRICT_OBJC_MSGSEND = YES;
				GCC_C_LANGUAGE_STANDARD = gnu11;
				GCC_NO_COMMON_BLOCKS = YES;
				GCC_WARN_64_TO_32_BIT_CONVERSION = YES;
				GCC_WARN_ABOUT_RETURN_TYPE = YES_ERROR;
				GCC_WARN_UNDECLARED_SELECTOR = YES;
				GCC_WARN_UNINITIALIZED_AUTOS = YES_AGGRESSIVE;
				GCC_WARN_UNUSED_FUNCTION = YES;
				GCC_WARN_UNUSED_VARIABLE = YES;
				IPHONEOS_DEPLOYMENT_TARGET = 16.4;
				MTL_ENABLE_DEBUG_INFO = NO;
				MTL_FAST_MATH = YES;
				SDKROOT = iphoneos;
				SWIFT_COMPILATION_MODE = wholemodule;
				SWIFT_OPTIMIZATION_LEVEL = "-O";
				VALIDATE_PRODUCT = YES;
			};
			name = Release;
		};
		2604D9502AA8765D00EFAC82 /* Debug */ = {
			isa = XCBuildConfiguration;
			buildSettings = {
				ASSETCATALOG_COMPILER_APPICON_NAME = AppIcon;
				ASSETCATALOG_COMPILER_GLOBAL_ACCENT_COLOR_NAME = AccentColor;
				CODE_SIGN_STYLE = Automatic;
				CURRENT_PROJECT_VERSION = 1;
				GENERATE_INFOPLIST_FILE = YES;
				INFOPLIST_FILE = realm_Mirgration_Example/Info.plist;
				INFOPLIST_KEY_UIApplicationSupportsIndirectInputEvents = YES;
				INFOPLIST_KEY_UILaunchStoryboardName = LaunchScreen;
				INFOPLIST_KEY_UISupportedInterfaceOrientations_iPad = "UIInterfaceOrientationPortrait UIInterfaceOrientationPortraitUpsideDown UIInterfaceOrientationLandscapeLeft UIInterfaceOrientationLandscapeRight";
				INFOPLIST_KEY_UISupportedInterfaceOrientations_iPhone = "UIInterfaceOrientationPortrait UIInterfaceOrientationLandscapeLeft UIInterfaceOrientationLandscapeRight";
				LD_RUNPATH_SEARCH_PATHS = (
					"$(inherited)",
					"@executable_path/Frameworks",
				);
				MARKETING_VERSION = 1.0;
				PRODUCT_BUNDLE_IDENTIFIER = "com.present.realm-Mirgration-Example";
				PRODUCT_NAME = "$(TARGET_NAME)";
				SWIFT_EMIT_LOC_STRINGS = YES;
				SWIFT_VERSION = 5.0;
				TARGETED_DEVICE_FAMILY = "1,2";
			};
			name = Debug;
		};
		2604D9512AA8765D00EFAC82 /* Release */ = {
			isa = XCBuildConfiguration;
			buildSettings = {
				ASSETCATALOG_COMPILER_APPICON_NAME = AppIcon;
				ASSETCATALOG_COMPILER_GLOBAL_ACCENT_COLOR_NAME = AccentColor;
				CODE_SIGN_STYLE = Automatic;
				CURRENT_PROJECT_VERSION = 1;
				GENERATE_INFOPLIST_FILE = YES;
				INFOPLIST_FILE = realm_Mirgration_Example/Info.plist;
				INFOPLIST_KEY_UIApplicationSupportsIndirectInputEvents = YES;
				INFOPLIST_KEY_UILaunchStoryboardName = LaunchScreen;
				INFOPLIST_KEY_UISupportedInterfaceOrientations_iPad = "UIInterfaceOrientationPortrait UIInterfaceOrientationPortraitUpsideDown UIInterfaceOrientationLandscapeLeft UIInterfaceOrientationLandscapeRight";
				INFOPLIST_KEY_UISupportedInterfaceOrientations_iPhone = "UIInterfaceOrientationPortrait UIInterfaceOrientationLandscapeLeft UIInterfaceOrientationLandscapeRight";
				LD_RUNPATH_SEARCH_PATHS = (
					"$(inherited)",
					"@executable_path/Frameworks",
				);
				MARKETING_VERSION = 1.0;
				PRODUCT_BUNDLE_IDENTIFIER = "com.present.realm-Mirgration-Example";
				PRODUCT_NAME = "$(TARGET_NAME)";
				SWIFT_EMIT_LOC_STRINGS = YES;
				SWIFT_VERSION = 5.0;
				TARGETED_DEVICE_FAMILY = "1,2";
			};
			name = Release;
		};
/* End XCBuildConfiguration section */

/* Begin XCConfigurationList section */
		2604D9362AA8765C00EFAC82 /* Build configuration list for PBXProject "realm_Mirgration_Example" */ = {
			isa = XCConfigurationList;
			buildConfigurations = (
				2604D94D2AA8765D00EFAC82 /* Debug */,
				2604D94E2AA8765D00EFAC82 /* Release */,
			);
			defaultConfigurationIsVisible = 0;
			defaultConfigurationName = Release;
		};
		2604D94F2AA8765D00EFAC82 /* Build configuration list for PBXNativeTarget "realm_Mirgration_Example" */ = {
			isa = XCConfigurationList;
			buildConfigurations = (
				2604D9502AA8765D00EFAC82 /* Debug */,
				2604D9512AA8765D00EFAC82 /* Release */,
			);
			defaultConfigurationIsVisible = 0;
			defaultConfigurationName = Release;
		};
/* End XCConfigurationList section */

/* Begin XCRemoteSwiftPackageReference section */
		2604D9582AA87CC400EFAC82 /* XCRemoteSwiftPackageReference "SnapKit" */ = {
			isa = XCRemoteSwiftPackageReference;
			repositoryURL = "https://github.com/SnapKit/SnapKit.git";
			requirement = {
				kind = upToNextMajorVersion;
				minimumVersion = 5.0.0;
			};
		};
/* End XCRemoteSwiftPackageReference section */

/* Begin XCSwiftPackageProductDependency section */
		2604D9592AA87CC400EFAC82 /* SnapKit */ = {
			isa = XCSwiftPackageProductDependency;
			package = 2604D9582AA87CC400EFAC82 /* XCRemoteSwiftPackageReference "SnapKit" */;
			productName = SnapKit;
		};
/* End XCSwiftPackageProductDependency section */
	};
	rootObject = 2604D9332AA8765C00EFAC82 /* Project object */;
}
